// !$*UTF8*$!
{
	archiveVersion = 1;
	classes = {
	};
	objectVersion = 50;
	objects = {

/* Begin PBXBuildFile section */
		F0880C2C23575CB0000EBB8E /* AppDelegate.swift in Sources */ = {isa = PBXBuildFile; fileRef = F0880C2B23575CB0000EBB8E /* AppDelegate.swift */; };
		F0880C2E23575CB0000EBB8E /* SceneDelegate.swift in Sources */ = {isa = PBXBuildFile; fileRef = F0880C2D23575CB0000EBB8E /* SceneDelegate.swift */; };
		F0880C3023575CB0000EBB8E /* ViewController.swift in Sources */ = {isa = PBXBuildFile; fileRef = F0880C2F23575CB0000EBB8E /* ViewController.swift */; };
		F0880C3323575CB0000EBB8E /* Main.storyboard in Resources */ = {isa = PBXBuildFile; fileRef = F0880C3123575CB0000EBB8E /* Main.storyboard */; };
		F0880C3523575CB2000EBB8E /* Assets.xcassets in Resources */ = {isa = PBXBuildFile; fileRef = F0880C3423575CB2000EBB8E /* Assets.xcassets */; };
		F0880C3823575CB2000EBB8E /* LaunchScreen.storyboard in Resources */ = {isa = PBXBuildFile; fileRef = F0880C3623575CB2000EBB8E /* LaunchScreen.storyboard */; };
/* End PBXBuildFile section */

/* Begin PBXFileReference section */
		F0880C2823575CB0000EBB8E /* SwiftInit.app */ = {isa = PBXFileReference; explicitFileType = wrapper.application; includeInIndex = 0; path = SwiftInit.app; sourceTree = BUILT_PRODUCTS_DIR; };
		F0880C2B23575CB0000EBB8E /* AppDelegate.swift */ = {isa = PBXFileReference; lastKnownFileType = sourcecode.swift; path = AppDelegate.swift; sourceTree = "<group>"; };
		F0880C2D23575CB0000EBB8E /* SceneDelegate.swift */ = {isa = PBXFileReference; lastKnownFileType = sourcecode.swift; path = SceneDelegate.swift; sourceTree = "<group>"; };
		F0880C2F23575CB0000EBB8E /* ViewController.swift */ = {isa = PBXFileReference; lastKnownFileType = sourcecode.swift; path = ViewController.swift; sourceTree = "<group>"; };
		F0880C3223575CB0000EBB8E /* Base */ = {isa = PBXFileReference; lastKnownFileType = file.storyboard; name = Base; path = Base.lproj/Main.storyboard; sourceTree = "<group>"; };
		F0880C3423575CB2000EBB8E /* Assets.xcassets */ = {isa = PBXFileReference; lastKnownFileType = folder.assetcatalog; path = Assets.xcassets; sourceTree = "<group>"; };
		F0880C3723575CB2000EBB8E /* Base */ = {isa = PBXFileReference; lastKnownFileType = file.storyboard; name = Base; path = Base.lproj/LaunchScreen.storyboard; sourceTree = "<group>"; };
		F0880C3923575CB2000EBB8E /* Info.plist */ = {isa = PBXFileReference; lastKnownFileType = text.plist.xml; path = Info.plist; sourceTree = "<group>"; };
/* End PBXFileReference section */

/* Begin PBXFrameworksBuildPhase section */
		F0880C2523575CB0000EBB8E /* Frameworks */ = {
			isa = PBXFrameworksBuildPhase;
			buildActionMask = 2147483647;
			files = (
			);
			runOnlyForDeploymentPostprocessing = 0;
		};
/* End PBXFrameworksBuildPhase section */

/* Begin PBXGroup section */
		F0880C1F23575CB0000EBB8E = {
			isa = PBXGroup;
			children = (
				F0880C2A23575CB0000EBB8E /* SwiftInit */,
				F0880C2923575CB0000EBB8E /* Products */,
			);
			sourceTree = "<group>";
		};
		F0880C2923575CB0000EBB8E /* Products */ = {
			isa = PBXGroup;
			children = (
				F0880C2823575CB0000EBB8E /* SwiftInit.app */,
			);
			name = Products;
			sourceTree = "<group>";
		};
		F0880C2A23575CB0000EBB8E /* SwiftInit */ = {
			isa = PBXGroup;
			children = (
				F0880C2B23575CB0000EBB8E /* AppDelegate.swift */,
				F0880C2D23575CB0000EBB8E /* SceneDelegate.swift */,
				F0880C2F23575CB0000EBB8E /* ViewController.swift */,
				F0880C3123575CB0000EBB8E /* Main.storyboard */,
				F0880C3423575CB2000EBB8E /* Assets.xcassets */,
				F0880C3623575CB2000EBB8E /* LaunchScreen.storyboard */,
				F0880C3923575CB2000EBB8E /* Info.plist */,
			);
			path = SwiftInit;
			sourceTree = "<group>";
		};
/* End PBXGroup section */

/* Begin PBXNativeTarget section */
		F0880C2723575CB0000EBB8E /* SwiftInit */ = {
			isa = PBXNativeTarget;
			buildConfigurationList = F0880C3C23575CB2000EBB8E /* Build configuration list for PBXNativeTarget "SwiftInit" */;
			buildPhases = (
				F0880C2423575CB0000EBB8E /* Sources */,
				F0880C2523575CB0000EBB8E /* Frameworks */,
				F0880C2623575CB0000EBB8E /* Resources */,
			);
			buildRules = (
			);
			dependencies = (
			);
			name = SwiftInit;
			productName = SwiftInit;
			productReference = F0880C2823575CB0000EBB8E /* SwiftInit.app */;
			productType = "com.apple.product-type.application";
		};
/* End PBXNativeTarget section */

/* Begin PBXProject section */
		F0880C2023575CB0000EBB8E /* Project object */ = {
			isa = PBXProject;
			attributes = {
				LastSwiftUpdateCheck = 1100;
				LastUpgradeCheck = 1100;
				ORGANIZATIONNAME = "Namik Catibusic";
				TargetAttributes = {
					F0880C2723575CB0000EBB8E = {
						CreatedOnToolsVersion = 11.0;
					};
				};
			};
			buildConfigurationList = F0880C2323575CB0000EBB8E /* Build configuration list for PBXProject "SwiftInit" */;
			compatibilityVersion = "Xcode 9.3";
			developmentRegion = en;
			hasScannedForEncodings = 0;
			knownRegions = (
				en,
				Base,
			);
			mainGroup = F0880C1F23575CB0000EBB8E;
			productRefGroup = F0880C2923575CB0000EBB8E /* Products */;
			projectDirPath = "";
			projectRoot = "";
			targets = (
				F0880C2723575CB0000EBB8E /* SwiftInit */,
			);
		};
/* End PBXProject section */

/* Begin PBXResourcesBuildPhase section */
		F0880C2623575CB0000EBB8E /* Resources */ = {
			isa = PBXResourcesBuildPhase;
			buildActionMask = 2147483647;
			files = (
				F0880C3823575CB2000EBB8E /* LaunchScreen.storyboard in Resources */,
				F0880C3523575CB2000EBB8E /* Assets.xcassets in Resources */,
				F0880C3323575CB0000EBB8E /* Main.storyboard in Resources */,
			);
			runOnlyForDeploymentPostprocessing = 0;
		};
/* End PBXResourcesBuildPhase section */

/* Begin PBXSourcesBuildPhase section */
		F0880C2423575CB0000EBB8E /* Sources */ = {
			isa = PBXSourcesBuildPhase;
			buildActionMask = 2147483647;
			files = (
				F0880C3023575CB0000EBB8E /* ViewController.swift in Sources */,
				F0880C2C23575CB0000EBB8E /* AppDelegate.swift in Sources */,
				F0880C2E23575CB0000EBB8E /* SceneDelegate.swift in Sources */,
			);
			runOnlyForDeploymentPostprocessing = 0;
		};
/* End PBXSourcesBuildPhase section */

/* Begin PBXVariantGroup section */
		F0880C3123575CB0000EBB8E /* Main.storyboard */ = {
			isa = PBXVariantGroup;
			children = (
				F0880C3223575CB0000EBB8E /* Base */,
			);
			name = Main.storyboard;
			sourceTree = "<group>";
		};
		F0880C3623575CB2000EBB8E /* LaunchScreen.storyboard */ = {
			isa = PBXVariantGroup;
			children = (
				F0880C3723575CB2000EBB8E /* Base */,
			);
			name = LaunchScreen.storyboard;
			sourceTree = "<group>";
		};
/* End PBXVariantGroup section */

/* Begin XCBuildConfiguration section */
		F0880C3A23575CB2000EBB8E /* Debug */ = {
			isa = XCBuildConfiguration;
			buildSettings = {
				ALWAYS_SEARCH_USER_PATHS = NO;
				CLANG_ANALYZER_NONNULL = YES;
				CLANG_ANALYZER_NUMBER_OBJECT_CONVERSION = YES_AGGRESSIVE;
				CLANG_CXX_LANGUAGE_STANDARD = "gnu++14";
				CLANG_CXX_LIBRARY = "libc++";
				CLANG_ENABLE_MODULES = YES;
				CLANG_ENABLE_OBJC_ARC = YES;
				CLANG_ENABLE_OBJC_WEAK = YES;
				CLANG_WARN_BLOCK_CAPTURE_AUTORELEASING = YES;
				CLANG_WARN_BOOL_CONVERSION = YES;
				CLANG_WARN_COMMA = YES;
				CLANG_WARN_CONSTANT_CONVERSION = YES;
				CLANG_WARN_DEPRECATED_OBJC_IMPLEMENTATIONS = YES;
				CLANG_WARN_DIRECT_OBJC_ISA_USAGE = YES_ERROR;
				CLANG_WARN_DOCUMENTATION_COMMENTS = YES;
				CLANG_WARN_EMPTY_BODY = YES;
				CLANG_WARN_ENUM_CONVERSION = YES;
				CLANG_WARN_INFINITE_RECURSION = YES;
				CLANG_WARN_INT_CONVERSION = YES;
				CLANG_WARN_NON_LITERAL_NULL_CONVERSION = YES;
				CLANG_WARN_OBJC_IMPLICIT_RETAIN_SELF = YES;
				CLANG_WARN_OBJC_LITERAL_CONVERSION = YES;
				CLANG_WARN_OBJC_ROOT_CLASS = YES_ERROR;
				CLANG_WARN_RANGE_LOOP_ANALYSIS = YES;
				CLANG_WARN_STRICT_PROTOTYPES = YES;
				CLANG_WARN_SUSPICIOUS_MOVE = YES;
				CLANG_WARN_UNGUARDED_AVAILABILITY = YES_AGGRESSIVE;
				CLANG_WARN_UNREACHABLE_CODE = YES;
				CLANG_WARN__DUPLICATE_METHOD_MATCH = YES;
				COPY_PHASE_STRIP = NO;
				DEBUG_INFORMATION_FORMAT = dwarf;
				ENABLE_STRICT_OBJC_MSGSEND = YES;
				ENABLE_TESTABILITY = YES;
				GCC_C_LANGUAGE_STANDARD = gnu11;
				GCC_DYNAMIC_NO_PIC = NO;
				GCC_NO_COMMON_BLOCKS = YES;
				GCC_OPTIMIZATION_LEVEL = 0;
				GCC_PREPROCESSOR_DEFINITIONS = (
					"DEBUG=1",
					"$(inherited)",
				);
				GCC_WARN_64_TO_32_BIT_CONVERSION = YES;
				GCC_WARN_ABOUT_RETURN_TYPE = YES_ERROR;
				GCC_WARN_UNDECLARED_SELECTOR = YES;
				GCC_WARN_UNINITIALIZED_AUTOS = YES_AGGRESSIVE;
				GCC_WARN_UNUSED_FUNCTION = YES;
				GCC_WARN_UNUSED_VARIABLE = YES;
				IPHONEOS_DEPLOYMENT_TARGET = 13.0;
				MTL_ENABLE_DEBUG_INFO = INCLUDE_SOURCE;
				MTL_FAST_MATH = YES;
				ONLY_ACTIVE_ARCH = YES;
				SDKROOT = iphoneos;
				SWIFT_ACTIVE_COMPILATION_CONDITIONS = DEBUG;
				SWIFT_OPTIMIZATION_LEVEL = "-Onone";
			};
			name = Debug;
		};
		F0880C3B23575CB2000EBB8E /* Release */ = {
			isa = XCBuildConfiguration;
			buildSettings = {
				ALWAYS_SEARCH_USER_PATHS = NO;
				CLANG_ANALYZER_NONNULL = YES;
				CLANG_ANALYZER_NUMBER_OBJECT_CONVERSION = YES_AGGRESSIVE;
				CLANG_CXX_LANGUAGE_STANDARD = "gnu++14";
				CLANG_CXX_LIBRARY = "libc++";
				CLANG_ENABLE_MODULES = YES;
				CLANG_ENABLE_OBJC_ARC = YES;
				CLANG_ENABLE_OBJC_WEAK = YES;
				CLANG_WARN_BLOCK_CAPTURE_AUTORELEASING = YES;
				CLANG_WARN_BOOL_CONVERSION = YES;
				CLANG_WARN_COMMA = YES;
				CLANG_WARN_CONSTANT_CONVERSION = YES;
				CLANG_WARN_DEPRECATED_OBJC_IMPLEMENTATIONS = YES;
				CLANG_WARN_DIRECT_OBJC_ISA_USAGE = YES_ERROR;
				CLANG_WARN_DOCUMENTATION_COMMENTS = YES;
				CLANG_WARN_EMPTY_BODY = YES;
				CLANG_WARN_ENUM_CONVERSION = YES;
				CLANG_WARN_INFINITE_RECURSION = YES;
				CLANG_WARN_INT_CONVERSION = YES;
				CLANG_WARN_NON_LITERAL_NULL_CONVERSION = YES;
				CLANG_WARN_OBJC_IMPLICIT_RETAIN_SELF = YES;
				CLANG_WARN_OBJC_LITERAL_CONVERSION = YES;
				CLANG_WARN_OBJC_ROOT_CLASS = YES_ERROR;
				CLANG_WARN_RANGE_LOOP_ANALYSIS = YES;
				CLANG_WARN_STRICT_PROTOTYPES = YES;
				CLANG_WARN_SUSPICIOUS_MOVE = YES;
				CLANG_WARN_UNGUARDED_AVAILABILITY = YES_AGGRESSIVE;
				CLANG_WARN_UNREACHABLE_CODE = YES;
				CLANG_WARN__DUPLICATE_METHOD_MATCH = YES;
				COPY_PHASE_STRIP = NO;
				DEBUG_INFORMATION_FORMAT = "dwarf-with-dsym";
				ENABLE_NS_ASSERTIONS = NO;
				ENABLE_STRICT_OBJC_MSGSEND = YES;
				GCC_C_LANGUAGE_STANDARD = gnu11;
				GCC_NO_COMMON_BLOCKS = YES;
				GCC_WARN_64_TO_32_BIT_CONVERSION = YES;
				GCC_WARN_ABOUT_RETURN_TYPE = YES_ERROR;
				GCC_WARN_UNDECLARED_SELECTOR = YES;
				GCC_WARN_UNINITIALIZED_AUTOS = YES_AGGRESSIVE;
				GCC_WARN_UNUSED_FUNCTION = YES;
				GCC_WARN_UNUSED_VARIABLE = YES;
				IPHONEOS_DEPLOYMENT_TARGET = 13.0;
				MTL_ENABLE_DEBUG_INFO = NO;
				MTL_FAST_MATH = YES;
				SDKROOT = iphoneos;
				SWIFT_COMPILATION_MODE = wholemodule;
				SWIFT_OPTIMIZATION_LEVEL = "-O";
				VALIDATE_PRODUCT = YES;
			};
			name = Release;
		};
		F0880C3D23575CB2000EBB8E /* Debug */ = {
			isa = XCBuildConfiguration;
			buildSettings = {
				ASSETCATALOG_COMPILER_APPICON_NAME = AppIcon;
				CODE_SIGN_STYLE = Automatic;
				INFOPLIST_FILE = SwiftInit/Info.plist;
				LD_RUNPATH_SEARCH_PATHS = (
					"$(inherited)",
					"@executable_path/Frameworks",
				);
				PRODUCT_BUNDLE_IDENTIFIER = TestingTest.SwiftInit;
				PRODUCT_NAME = "$(TARGET_NAME)";
				SWIFT_VERSION = 5.0;
				TARGETED_DEVICE_FAMILY = "1,2";
			};
			name = Debug;
		};
		F0880C3E23575CB2000EBB8E /* Release */ = {
			isa = XCBuildConfiguration;
			buildSettings = {
				ASSETCATALOG_COMPILER_APPICON_NAME = AppIcon;
				CODE_SIGN_STYLE = Automatic;
				INFOPLIST_FILE = SwiftInit/Info.plist;
				LD_RUNPATH_SEARCH_PATHS = (
					"$(inherited)",
					"@executable_path/Frameworks",
				);
				PRODUCT_BUNDLE_IDENTIFIER = TestingTest.SwiftInit;
				PRODUCT_NAME = "$(TARGET_NAME)";
				SWIFT_VERSION = 5.0;
				TARGETED_DEVICE_FAMILY = "1,2";
			};
			name = Release;
		};
/* End XCBuildConfiguration section */

/* Begin XCConfigurationList section */
		F0880C2323575CB0000EBB8E /* Build configuration list for PBXProject "SwiftInit" */ = {
			isa = XCConfigurationList;
			buildConfigurations = (
				F0880C3A23575CB2000EBB8E /* Debug */,
				F0880C3B23575CB2000EBB8E /* Release */,
			);
			defaultConfigurationIsVisible = 0;
			defaultConfigurationName = Release;
		};
		F0880C3C23575CB2000EBB8E /* Build configuration list for PBXNativeTarget "SwiftInit" */ = {
			isa = XCConfigurationList;
			buildConfigurations = (
				F0880C3D23575CB2000EBB8E /* Debug */,
				F0880C3E23575CB2000EBB8E /* Release */,
			);
			defaultConfigurationIsVisible = 0;
			defaultConfigurationName = Release;
		};
/* End XCConfigurationList section */
	};
	rootObject = F0880C2023575CB0000EBB8E /* Project object */;
}
